
Microsoft Visual Studio Solution File, Format Version 12.00
# Visual Studio Version 16
VisualStudioVersion = 16.0.30309.148
MinimumVisualStudioVersion = 10.0.40219.1
Project("{FAE04EC0-301F-11D3-BF4B-00C04F79EFBC}") = "NHS Kiosk", "NHS Kiosk\NHS Kiosk.csproj", "{545C099F-5AD2-4041-8267-1E7D4D041D90}"
EndProject
Global
	GlobalSection(SolutionConfigurationPlatforms) = preSolution
		Debug|Any CPU = Debug|Any CPU
		Release|Any CPU = Release|Any CPU
	EndGlobalSection
	GlobalSection(ProjectConfigurationPlatforms) = postSolution
		{545C099F-5AD2-4041-8267-1E7D4D041D90}.Debug|Any CPU.ActiveCfg = Debug|Any CPU
		{545C099F-5AD2-4041-8267-1E7D4D041D90}.Debug|Any CPU.Build.0 = Debug|Any CPU
		{545C099F-5AD2-4041-8267-1E7D4D041D90}.Release|Any CPU.ActiveCfg = Release|Any CPU
		{545C099F-5AD2-4041-8267-1E7D4D041D90}.Release|Any CPU.Build.0 = Release|Any CPU
	EndGlobalSection
	GlobalSection(SolutionProperties) = preSolution
		HideSolutionNode = FALSE
	EndGlobalSection
	GlobalSection(ExtensibilityGlobals) = postSolution
		SolutionGuid = {D1A91A56-11C0-4E2D-A4B2-875D7412FBAE}
	EndGlobalSection
EndGlobal
